
Microsoft Visual Studio Solution File, Format Version 12.00
# Visual Studio 15
VisualStudioVersion = 15.0.27130.2036
MinimumVisualStudioVersion = 10.0.40219.1
Project("{8BC9CEB8-8B4A-11D0-8D11-00A0C91BC942}") = "Vectors", "Vectors\Vectors.vcxproj", "{E84C3E68-68E4-4C36-A357-770B0BFFE2A9}"
EndProject
Project("{8BC9CEB8-8B4A-11D0-8D11-00A0C91BC942}") = "VectorsAndMemory", "VectorsAndMemory\VectorsAndMemory.vcxproj", "{C410CC3E-3639-4036-91A3-4FF6B508167D}"
EndProject
Project("{8BC9CEB8-8B4A-11D0-8D11-00A0C91BC942}") = "TwoDimensionalVectors", "TwoDimensionalVectors\TwoDimensionalVectors.vcxproj", "{95B52DC0-05C6-4E07-89ED-497EC5A57CE4}"
EndProject
Project("{8BC9CEB8-8B4A-11D0-8D11-00A0C91BC942}") = "Lists", "Lists\Lists.vcxproj", "{0ED6C1EF-9120-4B55-91DB-C2442E249EB2}"
EndProject
Global
	GlobalSection(SolutionConfigurationPlatforms) = preSolution
		Debug|x64 = Debug|x64
		Debug|x86 = Debug|x86
		Release|x64 = Release|x64
		Release|x86 = Release|x86
	EndGlobalSection
	GlobalSection(ProjectConfigurationPlatforms) = postSolution
		{E84C3E68-68E4-4C36-A357-770B0BFFE2A9}.Debug|x64.ActiveCfg = Debug|x64
		{E84C3E68-68E4-4C36-A357-770B0BFFE2A9}.Debug|x64.Build.0 = Debug|x64
		{E84C3E68-68E4-4C36-A357-770B0BFFE2A9}.Debug|x86.ActiveCfg = Debug|Win32
		{E84C3E68-68E4-4C36-A357-770B0BFFE2A9}.Debug|x86.Build.0 = Debug|Win32
		{E84C3E68-68E4-4C36-A357-770B0BFFE2A9}.Release|x64.ActiveCfg = Release|x64
		{E84C3E68-68E4-4C36-A357-770B0BFFE2A9}.Release|x64.Build.0 = Release|x64
		{E84C3E68-68E4-4C36-A357-770B0BFFE2A9}.Release|x86.ActiveCfg = Release|Win32
		{E84C3E68-68E4-4C36-A357-770B0BFFE2A9}.Release|x86.Build.0 = Release|Win32
		{C410CC3E-3639-4036-91A3-4FF6B508167D}.Debug|x64.ActiveCfg = Debug|x64
		{C410CC3E-3639-4036-91A3-4FF6B508167D}.Debug|x64.Build.0 = Debug|x64
		{C410CC3E-3639-4036-91A3-4FF6B508167D}.Debug|x86.ActiveCfg = Debug|Win32
		{C410CC3E-3639-4036-91A3-4FF6B508167D}.Debug|x86.Build.0 = Debug|Win32
		{C410CC3E-3639-4036-91A3-4FF6B508167D}.Release|x64.ActiveCfg = Release|x64
		{C410CC3E-3639-4036-91A3-4FF6B508167D}.Release|x64.Build.0 = Release|x64
		{C410CC3E-3639-4036-91A3-4FF6B508167D}.Release|x86.ActiveCfg = Release|Win32
		{C410CC3E-3639-4036-91A3-4FF6B508167D}.Release|x86.Build.0 = Release|Win32
		{95B52DC0-05C6-4E07-89ED-497EC5A57CE4}.Debug|x64.ActiveCfg = Debug|x64
		{95B52DC0-05C6-4E07-89ED-497EC5A57CE4}.Debug|x64.Build.0 = Debug|x64
		{95B52DC0-05C6-4E07-89ED-497EC5A57CE4}.Debug|x86.ActiveCfg = Debug|Win32
		{95B52DC0-05C6-4E07-89ED-497EC5A57CE4}.Debug|x86.Build.0 = Debug|Win32
		{95B52DC0-05C6-4E07-89ED-497EC5A57CE4}.Release|x64.ActiveCfg = Release|x64
		{95B52DC0-05C6-4E07-89ED-497EC5A57CE4}.Release|x64.Build.0 = Release|x64
		{95B52DC0-05C6-4E07-89ED-497EC5A57CE4}.Release|x86.ActiveCfg = Release|Win32
		{95B52DC0-05C6-4E07-89ED-497EC5A57CE4}.Release|x86.Build.0 = Release|Win32
		{0ED6C1EF-9120-4B55-91DB-C2442E249EB2}.Debug|x64.ActiveCfg = Debug|x64
		{0ED6C1EF-9120-4B55-91DB-C2442E249EB2}.Debug|x64.Build.0 = Debug|x64
		{0ED6C1EF-9120-4B55-91DB-C2442E249EB2}.Debug|x86.ActiveCfg = Debug|Win32
		{0ED6C1EF-9120-4B55-91DB-C2442E249EB2}.Debug|x86.Build.0 = Debug|Win32
		{0ED6C1EF-9120-4B55-91DB-C2442E249EB2}.Release|x64.ActiveCfg = Release|x64
		{0ED6C1EF-9120-4B55-91DB-C2442E249EB2}.Release|x64.Build.0 = Release|x64
		{0ED6C1EF-9120-4B55-91DB-C2442E249EB2}.Release|x86.ActiveCfg = Release|Win32
		{0ED6C1EF-9120-4B55-91DB-C2442E249EB2}.Release|x86.Build.0 = Release|Win32
	EndGlobalSection
	GlobalSection(SolutionProperties) = preSolution
		HideSolutionNode = FALSE
	EndGlobalSection
	GlobalSection(ExtensibilityGlobals) = postSolution
		SolutionGuid = {B0FF0CB2-0E82-42F6-87B2-B01085337C88}
	EndGlobalSection
EndGlobal
