
Microsoft Visual Studio Solution File, Format Version 12.00
# Visual Studio 15
VisualStudioVersion = 15.0.27130.2036
MinimumVisualStudioVersion = 10.0.40219.1
Project("{8BC9CEB8-8B4A-11D0-8D11-00A0C91BC942}") = "TemplateClasses", "TemplateClasses\TemplateClasses.vcxproj", "{EE8AE376-47D7-41A4-BAAB-C5652D634F82}"
EndProject
Project("{8BC9CEB8-8B4A-11D0-8D11-00A0C91BC942}") = "TemplateFunctions", "TemplateFunctions\TemplateFunctions.vcxproj", "{1AB6AD07-124F-4DE3-A09C-D905560FE369}"
EndProject
Global
	GlobalSection(SolutionConfigurationPlatforms) = preSolution
		Debug|x64 = Debug|x64
		Debug|x86 = Debug|x86
		Release|x64 = Release|x64
		Release|x86 = Release|x86
	EndGlobalSection
	GlobalSection(ProjectConfigurationPlatforms) = postSolution
		{EE8AE376-47D7-41A4-BAAB-C5652D634F82}.Debug|x64.ActiveCfg = Debug|x64
		{EE8AE376-47D7-41A4-BAAB-C5652D634F82}.Debug|x64.Build.0 = Debug|x64
		{EE8AE376-47D7-41A4-BAAB-C5652D634F82}.Debug|x86.ActiveCfg = Debug|Win32
		{EE8AE376-47D7-41A4-BAAB-C5652D634F82}.Debug|x86.Build.0 = Debug|Win32
		{EE8AE376-47D7-41A4-BAAB-C5652D634F82}.Release|x64.ActiveCfg = Release|x64
		{EE8AE376-47D7-41A4-BAAB-C5652D634F82}.Release|x64.Build.0 = Release|x64
		{EE8AE376-47D7-41A4-BAAB-C5652D634F82}.Release|x86.ActiveCfg = Release|Win32
		{EE8AE376-47D7-41A4-BAAB-C5652D634F82}.Release|x86.Build.0 = Release|Win32
		{1AB6AD07-124F-4DE3-A09C-D905560FE369}.Debug|x64.ActiveCfg = Debug|x64
		{1AB6AD07-124F-4DE3-A09C-D905560FE369}.Debug|x64.Build.0 = Debug|x64
		{1AB6AD07-124F-4DE3-A09C-D905560FE369}.Debug|x86.ActiveCfg = Debug|Win32
		{1AB6AD07-124F-4DE3-A09C-D905560FE369}.Debug|x86.Build.0 = Debug|Win32
		{1AB6AD07-124F-4DE3-A09C-D905560FE369}.Release|x64.ActiveCfg = Release|x64
		{1AB6AD07-124F-4DE3-A09C-D905560FE369}.Release|x64.Build.0 = Release|x64
		{1AB6AD07-124F-4DE3-A09C-D905560FE369}.Release|x86.ActiveCfg = Release|Win32
		{1AB6AD07-124F-4DE3-A09C-D905560FE369}.Release|x86.Build.0 = Release|Win32
	EndGlobalSection
	GlobalSection(SolutionProperties) = preSolution
		HideSolutionNode = FALSE
	EndGlobalSection
	GlobalSection(ExtensibilityGlobals) = postSolution
		SolutionGuid = {083DE9FD-DDF7-4C32-91CA-839AFD96D65E}
	EndGlobalSection
EndGlobal
